
Microsoft Visual Studio Solution File, Format Version 12.00
# Visual Studio Version 17
VisualStudioVersion = 17.2.32505.173
MinimumVisualStudioVersion = 10.0.40219.1
Project("{9A19103F-16F7-4668-BE54-9A1E7A4F7556}") = "SGID", "SGID\SGID.csproj", "{2A07D804-F38E-4806-911A-E7D01137F96D}"
	ProjectSection(ProjectDependencies) = postProject
		{629258C5-42D6-480A-AD1B-14B4D0A3FA01} = {629258C5-42D6-480A-AD1B-14B4D0A3FA01}
		{DACC27D8-4098-463A-A976-5C93B2D56CA7} = {DACC27D8-4098-463A-A976-5C93B2D56CA7}
	EndProjectSection
EndProject
Project("{9A19103F-16F7-4668-BE54-9A1E7A4F7556}") = "Models", "Models\Models.csproj", "{629258C5-42D6-480A-AD1B-14B4D0A3FA01}"
EndProject
Project("{2150E333-8FDC-42A3-9474-1A3956D46DE8}") = "Solution Items", "Solution Items", "{7064795E-D666-4EDD-8BDF-86CD473DCE7C}"
	ProjectSection(SolutionItems) = preProject
		.editorconfig = .editorconfig
	EndProjectSection
EndProject
Project("{9A19103F-16F7-4668-BE54-9A1E7A4F7556}") = "Intergracoes", "Intergracoes\Intergracoes.csproj", "{DACC27D8-4098-463A-A976-5C93B2D56CA7}"
EndProject
Global
	GlobalSection(SolutionConfigurationPlatforms) = preSolution
		Debug|Any CPU = Debug|Any CPU
		Release|Any CPU = Release|Any CPU
	EndGlobalSection
	GlobalSection(ProjectConfigurationPlatforms) = postSolution
		{2A07D804-F38E-4806-911A-E7D01137F96D}.Debug|Any CPU.ActiveCfg = Debug|Any CPU
		{2A07D804-F38E-4806-911A-E7D01137F96D}.Debug|Any CPU.Build.0 = Debug|Any CPU
		{2A07D804-F38E-4806-911A-E7D01137F96D}.Release|Any CPU.ActiveCfg = Release|Any CPU
		{2A07D804-F38E-4806-911A-E7D01137F96D}.Release|Any CPU.Build.0 = Release|Any CPU
		{629258C5-42D6-480A-AD1B-14B4D0A3FA01}.Debug|Any CPU.ActiveCfg = Debug|Any CPU
		{629258C5-42D6-480A-AD1B-14B4D0A3FA01}.Debug|Any CPU.Build.0 = Debug|Any CPU
		{629258C5-42D6-480A-AD1B-14B4D0A3FA01}.Release|Any CPU.ActiveCfg = Release|Any CPU
		{629258C5-42D6-480A-AD1B-14B4D0A3FA01}.Release|Any CPU.Build.0 = Release|Any CPU
		{DACC27D8-4098-463A-A976-5C93B2D56CA7}.Debug|Any CPU.ActiveCfg = Debug|Any CPU
		{DACC27D8-4098-463A-A976-5C93B2D56CA7}.Debug|Any CPU.Build.0 = Debug|Any CPU
		{DACC27D8-4098-463A-A976-5C93B2D56CA7}.Release|Any CPU.ActiveCfg = Release|Any CPU
		{DACC27D8-4098-463A-A976-5C93B2D56CA7}.Release|Any CPU.Build.0 = Release|Any CPU
	EndGlobalSection
	GlobalSection(SolutionProperties) = preSolution
		HideSolutionNode = FALSE
	EndGlobalSection
	GlobalSection(ExtensibilityGlobals) = postSolution
		SolutionGuid = {279FAF89-343F-4BC7-8E88-DCB7D6557E5A}
	EndGlobalSection
EndGlobal
